
Microsoft Visual Studio Solution File, Format Version 12.00
# Visual Studio Version 16
VisualStudioVersion = 16.0.29709.97
MinimumVisualStudioVersion = 10.0.40219.1
Project("{8BC9CEB8-8B4A-11D0-8D11-00A0C91BC942}") = "1000 - A+B", "1000 - A+B\1000 - A+B.vcxproj", "{3DB0B04B-057B-4C76-ACFE-4C5DFBC512F8}"
EndProject
Project("{8BC9CEB8-8B4A-11D0-8D11-00A0C91BC942}") = "1008 - A／B", "1008 - A／B\1008 - A／B.vcxproj", "{C4E388B1-96F3-4050-8AC8-4242900D6F24}"
EndProject
Project("{8BC9CEB8-8B4A-11D0-8D11-00A0C91BC942}") = "10799 - 쇠막대기", "10799 - 쇠막대기\10799 - 쇠막대기.vcxproj", "{9A3D0A05-D3AD-4359-A63C-748293A90190}"
EndProject
Project("{8BC9CEB8-8B4A-11D0-8D11-00A0C91BC942}") = "10950 - A+B - 3", "10950 - A+B - 3\10950 - A+B - 3.vcxproj", "{FB62424B-C7C8-496B-9850-22CE315CDEE6}"
EndProject
Project("{8BC9CEB8-8B4A-11D0-8D11-00A0C91BC942}") = "10951 - A+B - 4", "10951 - A+B - 4\10951 - A+B - 4.vcxproj", "{AF0AECE0-8BE1-486B-8680-CCAB3855868A}"
EndProject
Project("{8BC9CEB8-8B4A-11D0-8D11-00A0C91BC942}") = "1158 - 요세푸스 문제", "1158 - 요세푸스 문제\1158 - 요세푸스 문제.vcxproj", "{B7E741B3-51AB-4167-A8C3-926166E6F14D}"
EndProject
Project("{8BC9CEB8-8B4A-11D0-8D11-00A0C91BC942}") = "11718 - 그대로 출력하기", "11718 - 그대로 출력하기\11718 - 그대로 출력하기.vcxproj", "{DCC16336-30C9-4C83-A645-D375F3F70942}"
EndProject
Project("{8BC9CEB8-8B4A-11D0-8D11-00A0C91BC942}") = "11720 - 숫자의 합", "11720 - 숫자의 합\11720 - 숫자의 합.vcxproj", "{1FC2E3DD-B529-4AF5-8505-8E7B49B9347F}"
EndProject
Project("{8BC9CEB8-8B4A-11D0-8D11-00A0C91BC942}") = "1406 - 에디터", "1406 - 에디터\1406 - 에디터.vcxproj", "{AA192792-BC44-48AB-8FA2-EBD062763632}"
EndProject
Project("{8BC9CEB8-8B4A-11D0-8D11-00A0C91BC942}") = "1966 - 프린터 큐", "1966 - 프린터 큐\1966 - 프린터 큐.vcxproj", "{A2D3717E-7C8D-4B70-BF3C-1F017D47A68D}"
EndProject
Project("{8BC9CEB8-8B4A-11D0-8D11-00A0C91BC942}") = "2557 - Hello World", "2557 - Hello World\2557 - Hello World.vcxproj", "{11FC380B-6505-4D9B-BC00-97C756B40721}"
EndProject
Project("{8BC9CEB8-8B4A-11D0-8D11-00A0C91BC942}") = "9012 - 괄호", "9012 - 괄호\9012 - 괄호.vcxproj", "{22381227-293D-4DE0-BB15-F2BF97A3A003}"
EndProject
Project("{8BC9CEB8-8B4A-11D0-8D11-00A0C91BC942}") = "9093 - 단어 뒤집기", "9093 - 단어 뒤집기\9093 - 단어 뒤집기.vcxproj", "{AB966589-464B-45E9-9015-CD877814B3AF}"
EndProject
Project("{8BC9CEB8-8B4A-11D0-8D11-00A0C91BC942}") = "2558 - A+B - 2", "2558 - A+B - 2\2558 - A+B - 2.vcxproj", "{C5133E7A-BE2D-48D1-81A3-403F5781EA31}"
EndProject
Project("{8BC9CEB8-8B4A-11D0-8D11-00A0C91BC942}") = "10952 - A+B - 5", "10952 - A+B - 5\10952 - A+B - 5.vcxproj", "{53A0A273-5114-4F03-8511-2C05E13E5AB4}"
EndProject
Project("{8BC9CEB8-8B4A-11D0-8D11-00A0C91BC942}") = "10953 - A+B - 6", "10953 - A+B - 6\10953 - A+B - 6.vcxproj", "{B488F4AA-AF52-4EB9-9CEB-735373DD38D7}"
EndProject
Project("{8BC9CEB8-8B4A-11D0-8D11-00A0C91BC942}") = "11021 - A+B - 7", "11021 - A+B - 7\11021 - A+B - 7.vcxproj", "{5F1ED36F-9677-4E32-B640-97E95CAC6433}"
EndProject
Project("{8BC9CEB8-8B4A-11D0-8D11-00A0C91BC942}") = "11022 - A+B - 8", "11022 - A+B - 8\11022 - A+B - 8.vcxproj", "{AAB6E1B7-E71E-4758-942A-2F308D26DB7B}"
EndProject
Project("{8BC9CEB8-8B4A-11D0-8D11-00A0C91BC942}") = "11719 - 그대로 출력하기 2", "11719 - 그대로 출력하기 2\11719 - 그대로 출력하기 2.vcxproj", "{B8003792-4756-481F-A358-EDE974A64B22}"
EndProject
Project("{8BC9CEB8-8B4A-11D0-8D11-00A0C91BC942}") = "11721 - 열 개씩 끊어 출력하기", "11721 - 열 개씩 끊어 출력하기\11721 - 열 개씩 끊어 출력하기.vcxproj", "{0640AA6B-EF9C-4CC5-A3CB-A4159349B6BD}"
EndProject
Project("{8BC9CEB8-8B4A-11D0-8D11-00A0C91BC942}") = "2741 - N 찍기", "2741 - N 찍기\2741 - N 찍기.vcxproj", "{83732083-90F6-4286-B203-AFD2155131BB}"
EndProject
Project("{8BC9CEB8-8B4A-11D0-8D11-00A0C91BC942}") = "15552 - 빠른 A+B", "15552 - 빠른 A+B\15552 - 빠른 A+B.vcxproj", "{F429828E-35B3-4052-8C93-AA334E7686E7}"
EndProject
Project("{8BC9CEB8-8B4A-11D0-8D11-00A0C91BC942}") = "10828 - 스택", "10828 - 스택\10828 - 스택.vcxproj", "{DE41916D-F5CE-4A2D-A44B-5FB98430E1F3}"
EndProject
Project("{8BC9CEB8-8B4A-11D0-8D11-00A0C91BC942}") = "10845 - 큐", "10845 - 큐\10845 - 큐.vcxproj", "{A2536BC1-4DF9-470C-B53D-90B1CF766E73}"
EndProject
Project("{8BC9CEB8-8B4A-11D0-8D11-00A0C91BC942}") = "10866 - 덱", "10866 - 덱\10866 - 덱.vcxproj", "{3470CC47-2489-4CFB-B1A7-5F575468FE4D}"
EndProject
Project("{8BC9CEB8-8B4A-11D0-8D11-00A0C91BC942}") = "1874 - 스택 수열", "1874 - 스택 수열\1874 - 스택 수열.vcxproj", "{B2EFF7E6-88BF-4D3D-B565-07B4285DECB4}"
EndProject
Project("{8BC9CEB8-8B4A-11D0-8D11-00A0C91BC942}") = "17413 - 단어 뒤집기 2", "17413 - 단어 뒤집기 2\17413 - 단어 뒤집기 2.vcxproj", "{FDBC140E-3363-4B39-9373-8A32704CDE30}"
EndProject
Project("{8BC9CEB8-8B4A-11D0-8D11-00A0C91BC942}") = "2164 - 카드2", "2164 - 카드2\2164 - 카드2.vcxproj", "{C1CEB466-E2FF-41B5-96C1-FA32DA6F956F}"
EndProject
Project("{8BC9CEB8-8B4A-11D0-8D11-00A0C91BC942}") = "1021 - 회전하는 큐", "1021 - 회전하는 큐\1021 - 회전하는 큐.vcxproj", "{42008E77-FCF0-440B-A92B-654D85A43038}"
EndProject
Global
	GlobalSection(SolutionConfigurationPlatforms) = preSolution
		Debug|x64 = Debug|x64
		Debug|x86 = Debug|x86
		Release|x64 = Release|x64
		Release|x86 = Release|x86
	EndGlobalSection
	GlobalSection(ProjectConfigurationPlatforms) = postSolution
		{3DB0B04B-057B-4C76-ACFE-4C5DFBC512F8}.Debug|x64.ActiveCfg = Debug|x64
		{3DB0B04B-057B-4C76-ACFE-4C5DFBC512F8}.Debug|x64.Build.0 = Debug|x64
		{3DB0B04B-057B-4C76-ACFE-4C5DFBC512F8}.Debug|x86.ActiveCfg = Debug|Win32
		{3DB0B04B-057B-4C76-ACFE-4C5DFBC512F8}.Debug|x86.Build.0 = Debug|Win32
		{3DB0B04B-057B-4C76-ACFE-4C5DFBC512F8}.Release|x64.ActiveCfg = Release|x64
		{3DB0B04B-057B-4C76-ACFE-4C5DFBC512F8}.Release|x64.Build.0 = Release|x64
		{3DB0B04B-057B-4C76-ACFE-4C5DFBC512F8}.Release|x86.ActiveCfg = Release|Win32
		{3DB0B04B-057B-4C76-ACFE-4C5DFBC512F8}.Release|x86.Build.0 = Release|Win32
		{C4E388B1-96F3-4050-8AC8-4242900D6F24}.Debug|x64.ActiveCfg = Debug|x64
		{C4E388B1-96F3-4050-8AC8-4242900D6F24}.Debug|x64.Build.0 = Debug|x64
		{C4E388B1-96F3-4050-8AC8-4242900D6F24}.Debug|x86.ActiveCfg = Debug|Win32
		{C4E388B1-96F3-4050-8AC8-4242900D6F24}.Debug|x86.Build.0 = Debug|Win32
		{C4E388B1-96F3-4050-8AC8-4242900D6F24}.Release|x64.ActiveCfg = Release|x64
		{C4E388B1-96F3-4050-8AC8-4242900D6F24}.Release|x64.Build.0 = Release|x64
		{C4E388B1-96F3-4050-8AC8-4242900D6F24}.Release|x86.ActiveCfg = Release|Win32
		{C4E388B1-96F3-4050-8AC8-4242900D6F24}.Release|x86.Build.0 = Release|Win32
		{9A3D0A05-D3AD-4359-A63C-748293A90190}.Debug|x64.ActiveCfg = Debug|x64
		{9A3D0A05-D3AD-4359-A63C-748293A90190}.Debug|x64.Build.0 = Debug|x64
		{9A3D0A05-D3AD-4359-A63C-748293A90190}.Debug|x86.ActiveCfg = Debug|Win32
		{9A3D0A05-D3AD-4359-A63C-748293A90190}.Debug|x86.Build.0 = Debug|Win32
		{9A3D0A05-D3AD-4359-A63C-748293A90190}.Release|x64.ActiveCfg = Release|x64
		{9A3D0A05-D3AD-4359-A63C-748293A90190}.Release|x64.Build.0 = Release|x64
		{9A3D0A05-D3AD-4359-A63C-748293A90190}.Release|x86.ActiveCfg = Release|Win32
		{9A3D0A05-D3AD-4359-A63C-748293A90190}.Release|x86.Build.0 = Release|Win32
		{FB62424B-C7C8-496B-9850-22CE315CDEE6}.Debug|x64.ActiveCfg = Debug|x64
		{FB62424B-C7C8-496B-9850-22CE315CDEE6}.Debug|x64.Build.0 = Debug|x64
		{FB62424B-C7C8-496B-9850-22CE315CDEE6}.Debug|x86.ActiveCfg = Debug|Win32
		{FB62424B-C7C8-496B-9850-22CE315CDEE6}.Debug|x86.Build.0 = Debug|Win32
		{FB62424B-C7C8-496B-9850-22CE315CDEE6}.Release|x64.ActiveCfg = Release|x64
		{FB62424B-C7C8-496B-9850-22CE315CDEE6}.Release|x64.Build.0 = Release|x64
		{FB62424B-C7C8-496B-9850-22CE315CDEE6}.Release|x86.ActiveCfg = Release|Win32
		{FB62424B-C7C8-496B-9850-22CE315CDEE6}.Release|x86.Build.0 = Release|Win32
		{AF0AECE0-8BE1-486B-8680-CCAB3855868A}.Debug|x64.ActiveCfg = Debug|x64
		{AF0AECE0-8BE1-486B-8680-CCAB3855868A}.Debug|x64.Build.0 = Debug|x64
		{AF0AECE0-8BE1-486B-8680-CCAB3855868A}.Debug|x86.ActiveCfg = Debug|Win32
		{AF0AECE0-8BE1-486B-8680-CCAB3855868A}.Debug|x86.Build.0 = Debug|Win32
		{AF0AECE0-8BE1-486B-8680-CCAB3855868A}.Release|x64.ActiveCfg = Release|x64
		{AF0AECE0-8BE1-486B-8680-CCAB3855868A}.Release|x64.Build.0 = Release|x64
		{AF0AECE0-8BE1-486B-8680-CCAB3855868A}.Release|x86.ActiveCfg = Release|Win32
		{AF0AECE0-8BE1-486B-8680-CCAB3855868A}.Release|x86.Build.0 = Release|Win32
		{B7E741B3-51AB-4167-A8C3-926166E6F14D}.Debug|x64.ActiveCfg = Debug|x64
		{B7E741B3-51AB-4167-A8C3-926166E6F14D}.Debug|x64.Build.0 = Debug|x64
		{B7E741B3-51AB-4167-A8C3-926166E6F14D}.Debug|x86.ActiveCfg = Debug|Win32
		{B7E741B3-51AB-4167-A8C3-926166E6F14D}.Debug|x86.Build.0 = Debug|Win32
		{B7E741B3-51AB-4167-A8C3-926166E6F14D}.Release|x64.ActiveCfg = Release|x64
		{B7E741B3-51AB-4167-A8C3-926166E6F14D}.Release|x64.Build.0 = Release|x64
		{B7E741B3-51AB-4167-A8C3-926166E6F14D}.Release|x86.ActiveCfg = Release|Win32
		{B7E741B3-51AB-4167-A8C3-926166E6F14D}.Release|x86.Build.0 = Release|Win32
		{DCC16336-30C9-4C83-A645-D375F3F70942}.Debug|x64.ActiveCfg = Debug|x64
		{DCC16336-30C9-4C83-A645-D375F3F70942}.Debug|x64.Build.0 = Debug|x64
		{DCC16336-30C9-4C83-A645-D375F3F70942}.Debug|x86.ActiveCfg = Debug|Win32
		{DCC16336-30C9-4C83-A645-D375F3F70942}.Debug|x86.Build.0 = Debug|Win32
		{DCC16336-30C9-4C83-A645-D375F3F70942}.Release|x64.ActiveCfg = Release|x64
		{DCC16336-30C9-4C83-A645-D375F3F70942}.Release|x64.Build.0 = Release|x64
		{DCC16336-30C9-4C83-A645-D375F3F70942}.Release|x86.ActiveCfg = Release|Win32
		{DCC16336-30C9-4C83-A645-D375F3F70942}.Release|x86.Build.0 = Release|Win32
		{1FC2E3DD-B529-4AF5-8505-8E7B49B9347F}.Debug|x64.ActiveCfg = Debug|x64
		{1FC2E3DD-B529-4AF5-8505-8E7B49B9347F}.Debug|x64.Build.0 = Debug|x64
		{1FC2E3DD-B529-4AF5-8505-8E7B49B9347F}.Debug|x86.ActiveCfg = Debug|Win32
		{1FC2E3DD-B529-4AF5-8505-8E7B49B9347F}.Debug|x86.Build.0 = Debug|Win32
		{1FC2E3DD-B529-4AF5-8505-8E7B49B9347F}.Release|x64.ActiveCfg = Release|x64
		{1FC2E3DD-B529-4AF5-8505-8E7B49B9347F}.Release|x64.Build.0 = Release|x64
		{1FC2E3DD-B529-4AF5-8505-8E7B49B9347F}.Release|x86.ActiveCfg = Release|Win32
		{1FC2E3DD-B529-4AF5-8505-8E7B49B9347F}.Release|x86.Build.0 = Release|Win32
		{AA192792-BC44-48AB-8FA2-EBD062763632}.Debug|x64.ActiveCfg = Debug|x64
		{AA192792-BC44-48AB-8FA2-EBD062763632}.Debug|x64.Build.0 = Debug|x64
		{AA192792-BC44-48AB-8FA2-EBD062763632}.Debug|x86.ActiveCfg = Debug|Win32
		{AA192792-BC44-48AB-8FA2-EBD062763632}.Debug|x86.Build.0 = Debug|Win32
		{AA192792-BC44-48AB-8FA2-EBD062763632}.Release|x64.ActiveCfg = Release|x64
		{AA192792-BC44-48AB-8FA2-EBD062763632}.Release|x64.Build.0 = Release|x64
		{AA192792-BC44-48AB-8FA2-EBD062763632}.Release|x86.ActiveCfg = Release|Win32
		{AA192792-BC44-48AB-8FA2-EBD062763632}.Release|x86.Build.0 = Release|Win32
		{A2D3717E-7C8D-4B70-BF3C-1F017D47A68D}.Debug|x64.ActiveCfg = Debug|x64
		{A2D3717E-7C8D-4B70-BF3C-1F017D47A68D}.Debug|x64.Build.0 = Debug|x64
		{A2D3717E-7C8D-4B70-BF3C-1F017D47A68D}.Debug|x86.ActiveCfg = Debug|Win32
		{A2D3717E-7C8D-4B70-BF3C-1F017D47A68D}.Debug|x86.Build.0 = Debug|Win32
		{A2D3717E-7C8D-4B70-BF3C-1F017D47A68D}.Release|x64.ActiveCfg = Release|x64
		{A2D3717E-7C8D-4B70-BF3C-1F017D47A68D}.Release|x64.Build.0 = Release|x64
		{A2D3717E-7C8D-4B70-BF3C-1F017D47A68D}.Release|x86.ActiveCfg = Release|Win32
		{A2D3717E-7C8D-4B70-BF3C-1F017D47A68D}.Release|x86.Build.0 = Release|Win32
		{11FC380B-6505-4D9B-BC00-97C756B40721}.Debug|x64.ActiveCfg = Debug|x64
		{11FC380B-6505-4D9B-BC00-97C756B40721}.Debug|x64.Build.0 = Debug|x64
		{11FC380B-6505-4D9B-BC00-97C756B40721}.Debug|x86.ActiveCfg = Debug|Win32
		{11FC380B-6505-4D9B-BC00-97C756B40721}.Debug|x86.Build.0 = Debug|Win32
		{11FC380B-6505-4D9B-BC00-97C756B40721}.Release|x64.ActiveCfg = Release|x64
		{11FC380B-6505-4D9B-BC00-97C756B40721}.Release|x64.Build.0 = Release|x64
		{11FC380B-6505-4D9B-BC00-97C756B40721}.Release|x86.ActiveCfg = Release|Win32
		{11FC380B-6505-4D9B-BC00-97C756B40721}.Release|x86.Build.0 = Release|Win32
		{22381227-293D-4DE0-BB15-F2BF97A3A003}.Debug|x64.ActiveCfg = Debug|x64
		{22381227-293D-4DE0-BB15-F2BF97A3A003}.Debug|x64.Build.0 = Debug|x64
		{22381227-293D-4DE0-BB15-F2BF97A3A003}.Debug|x86.ActiveCfg = Debug|Win32
		{22381227-293D-4DE0-BB15-F2BF97A3A003}.Debug|x86.Build.0 = Debug|Win32
		{22381227-293D-4DE0-BB15-F2BF97A3A003}.Release|x64.ActiveCfg = Release|x64
		{22381227-293D-4DE0-BB15-F2BF97A3A003}.Release|x64.Build.0 = Release|x64
		{22381227-293D-4DE0-BB15-F2BF97A3A003}.Release|x86.ActiveCfg = Release|Win32
		{22381227-293D-4DE0-BB15-F2BF97A3A003}.Release|x86.Build.0 = Release|Win32
		{AB966589-464B-45E9-9015-CD877814B3AF}.Debug|x64.ActiveCfg = Debug|x64
		{AB966589-464B-45E9-9015-CD877814B3AF}.Debug|x64.Build.0 = Debug|x64
		{AB966589-464B-45E9-9015-CD877814B3AF}.Debug|x86.ActiveCfg = Debug|Win32
		{AB966589-464B-45E9-9015-CD877814B3AF}.Debug|x86.Build.0 = Debug|Win32
		{AB966589-464B-45E9-9015-CD877814B3AF}.Release|x64.ActiveCfg = Release|x64
		{AB966589-464B-45E9-9015-CD877814B3AF}.Release|x64.Build.0 = Release|x64
		{AB966589-464B-45E9-9015-CD877814B3AF}.Release|x86.ActiveCfg = Release|Win32
		{AB966589-464B-45E9-9015-CD877814B3AF}.Release|x86.Build.0 = Release|Win32
		{C5133E7A-BE2D-48D1-81A3-403F5781EA31}.Debug|x64.ActiveCfg = Debug|x64
		{C5133E7A-BE2D-48D1-81A3-403F5781EA31}.Debug|x64.Build.0 = Debug|x64
		{C5133E7A-BE2D-48D1-81A3-403F5781EA31}.Debug|x86.ActiveCfg = Debug|Win32
		{C5133E7A-BE2D-48D1-81A3-403F5781EA31}.Debug|x86.Build.0 = Debug|Win32
		{C5133E7A-BE2D-48D1-81A3-403F5781EA31}.Release|x64.ActiveCfg = Release|x64
		{C5133E7A-BE2D-48D1-81A3-403F5781EA31}.Release|x64.Build.0 = Release|x64
		{C5133E7A-BE2D-48D1-81A3-403F5781EA31}.Release|x86.ActiveCfg = Release|Win32
		{C5133E7A-BE2D-48D1-81A3-403F5781EA31}.Release|x86.Build.0 = Release|Win32
		{53A0A273-5114-4F03-8511-2C05E13E5AB4}.Debug|x64.ActiveCfg = Debug|x64
		{53A0A273-5114-4F03-8511-2C05E13E5AB4}.Debug|x64.Build.0 = Debug|x64
		{53A0A273-5114-4F03-8511-2C05E13E5AB4}.Debug|x86.ActiveCfg = Debug|Win32
		{53A0A273-5114-4F03-8511-2C05E13E5AB4}.Debug|x86.Build.0 = Debug|Win32
		{53A0A273-5114-4F03-8511-2C05E13E5AB4}.Release|x64.ActiveCfg = Release|x64
		{53A0A273-5114-4F03-8511-2C05E13E5AB4}.Release|x64.Build.0 = Release|x64
		{53A0A273-5114-4F03-8511-2C05E13E5AB4}.Release|x86.ActiveCfg = Release|Win32
		{53A0A273-5114-4F03-8511-2C05E13E5AB4}.Release|x86.Build.0 = Release|Win32
		{B488F4AA-AF52-4EB9-9CEB-735373DD38D7}.Debug|x64.ActiveCfg = Debug|x64
		{B488F4AA-AF52-4EB9-9CEB-735373DD38D7}.Debug|x64.Build.0 = Debug|x64
		{B488F4AA-AF52-4EB9-9CEB-735373DD38D7}.Debug|x86.ActiveCfg = Debug|Win32
		{B488F4AA-AF52-4EB9-9CEB-735373DD38D7}.Debug|x86.Build.0 = Debug|Win32
		{B488F4AA-AF52-4EB9-9CEB-735373DD38D7}.Release|x64.ActiveCfg = Release|x64
		{B488F4AA-AF52-4EB9-9CEB-735373DD38D7}.Release|x64.Build.0 = Release|x64
		{B488F4AA-AF52-4EB9-9CEB-735373DD38D7}.Release|x86.ActiveCfg = Release|Win32
		{B488F4AA-AF52-4EB9-9CEB-735373DD38D7}.Release|x86.Build.0 = Release|Win32
		{5F1ED36F-9677-4E32-B640-97E95CAC6433}.Debug|x64.ActiveCfg = Debug|x64
		{5F1ED36F-9677-4E32-B640-97E95CAC6433}.Debug|x64.Build.0 = Debug|x64
		{5F1ED36F-9677-4E32-B640-97E95CAC6433}.Debug|x86.ActiveCfg = Debug|Win32
		{5F1ED36F-9677-4E32-B640-97E95CAC6433}.Debug|x86.Build.0 = Debug|Win32
		{5F1ED36F-9677-4E32-B640-97E95CAC6433}.Release|x64.ActiveCfg = Release|x64
		{5F1ED36F-9677-4E32-B640-97E95CAC6433}.Release|x64.Build.0 = Release|x64
		{5F1ED36F-9677-4E32-B640-97E95CAC6433}.Release|x86.ActiveCfg = Release|Win32
		{5F1ED36F-9677-4E32-B640-97E95CAC6433}.Release|x86.Build.0 = Release|Win32
		{AAB6E1B7-E71E-4758-942A-2F308D26DB7B}.Debug|x64.ActiveCfg = Debug|x64
		{AAB6E1B7-E71E-4758-942A-2F308D26DB7B}.Debug|x64.Build.0 = Debug|x64
		{AAB6E1B7-E71E-4758-942A-2F308D26DB7B}.Debug|x86.ActiveCfg = Debug|Win32
		{AAB6E1B7-E71E-4758-942A-2F308D26DB7B}.Debug|x86.Build.0 = Debug|Win32
		{AAB6E1B7-E71E-4758-942A-2F308D26DB7B}.Release|x64.ActiveCfg = Release|x64
		{AAB6E1B7-E71E-4758-942A-2F308D26DB7B}.Release|x64.Build.0 = Release|x64
		{AAB6E1B7-E71E-4758-942A-2F308D26DB7B}.Release|x86.ActiveCfg = Release|Win32
		{AAB6E1B7-E71E-4758-942A-2F308D26DB7B}.Release|x86.Build.0 = Release|Win32
		{B8003792-4756-481F-A358-EDE974A64B22}.Debug|x64.ActiveCfg = Debug|x64
		{B8003792-4756-481F-A358-EDE974A64B22}.Debug|x64.Build.0 = Debug|x64
		{B8003792-4756-481F-A358-EDE974A64B22}.Debug|x86.ActiveCfg = Debug|Win32
		{B8003792-4756-481F-A358-EDE974A64B22}.Debug|x86.Build.0 = Debug|Win32
		{B8003792-4756-481F-A358-EDE974A64B22}.Release|x64.ActiveCfg = Release|x64
		{B8003792-4756-481F-A358-EDE974A64B22}.Release|x64.Build.0 = Release|x64
		{B8003792-4756-481F-A358-EDE974A64B22}.Release|x86.ActiveCfg = Release|Win32
		{B8003792-4756-481F-A358-EDE974A64B22}.Release|x86.Build.0 = Release|Win32
		{0640AA6B-EF9C-4CC5-A3CB-A4159349B6BD}.Debug|x64.ActiveCfg = Debug|x64
		{0640AA6B-EF9C-4CC5-A3CB-A4159349B6BD}.Debug|x64.Build.0 = Debug|x64
		{0640AA6B-EF9C-4CC5-A3CB-A4159349B6BD}.Debug|x86.ActiveCfg = Debug|Win32
		{0640AA6B-EF9C-4CC5-A3CB-A4159349B6BD}.Debug|x86.Build.0 = Debug|Win32
		{0640AA6B-EF9C-4CC5-A3CB-A4159349B6BD}.Release|x64.ActiveCfg = Release|x64
		{0640AA6B-EF9C-4CC5-A3CB-A4159349B6BD}.Release|x64.Build.0 = Release|x64
		{0640AA6B-EF9C-4CC5-A3CB-A4159349B6BD}.Release|x86.ActiveCfg = Release|Win32
		{0640AA6B-EF9C-4CC5-A3CB-A4159349B6BD}.Release|x86.Build.0 = Release|Win32
		{83732083-90F6-4286-B203-AFD2155131BB}.Debug|x64.ActiveCfg = Debug|x64
		{83732083-90F6-4286-B203-AFD2155131BB}.Debug|x64.Build.0 = Debug|x64
		{83732083-90F6-4286-B203-AFD2155131BB}.Debug|x86.ActiveCfg = Debug|Win32
		{83732083-90F6-4286-B203-AFD2155131BB}.Debug|x86.Build.0 = Debug|Win32
		{83732083-90F6-4286-B203-AFD2155131BB}.Release|x64.ActiveCfg = Release|x64
		{83732083-90F6-4286-B203-AFD2155131BB}.Release|x64.Build.0 = Release|x64
		{83732083-90F6-4286-B203-AFD2155131BB}.Release|x86.ActiveCfg = Release|Win32
		{83732083-90F6-4286-B203-AFD2155131BB}.Release|x86.Build.0 = Release|Win32
		{F429828E-35B3-4052-8C93-AA334E7686E7}.Debug|x64.ActiveCfg = Debug|x64
		{F429828E-35B3-4052-8C93-AA334E7686E7}.Debug|x64.Build.0 = Debug|x64
		{F429828E-35B3-4052-8C93-AA334E7686E7}.Debug|x86.ActiveCfg = Debug|Win32
		{F429828E-35B3-4052-8C93-AA334E7686E7}.Debug|x86.Build.0 = Debug|Win32
		{F429828E-35B3-4052-8C93-AA334E7686E7}.Release|x64.ActiveCfg = Release|x64
		{F429828E-35B3-4052-8C93-AA334E7686E7}.Release|x64.Build.0 = Release|x64
		{F429828E-35B3-4052-8C93-AA334E7686E7}.Release|x86.ActiveCfg = Release|Win32
		{F429828E-35B3-4052-8C93-AA334E7686E7}.Release|x86.Build.0 = Release|Win32
		{DE41916D-F5CE-4A2D-A44B-5FB98430E1F3}.Debug|x64.ActiveCfg = Debug|x64
		{DE41916D-F5CE-4A2D-A44B-5FB98430E1F3}.Debug|x64.Build.0 = Debug|x64
		{DE41916D-F5CE-4A2D-A44B-5FB98430E1F3}.Debug|x86.ActiveCfg = Debug|Win32
		{DE41916D-F5CE-4A2D-A44B-5FB98430E1F3}.Debug|x86.Build.0 = Debug|Win32
		{DE41916D-F5CE-4A2D-A44B-5FB98430E1F3}.Release|x64.ActiveCfg = Release|x64
		{DE41916D-F5CE-4A2D-A44B-5FB98430E1F3}.Release|x64.Build.0 = Release|x64
		{DE41916D-F5CE-4A2D-A44B-5FB98430E1F3}.Release|x86.ActiveCfg = Release|Win32
		{DE41916D-F5CE-4A2D-A44B-5FB98430E1F3}.Release|x86.Build.0 = Release|Win32
		{A2536BC1-4DF9-470C-B53D-90B1CF766E73}.Debug|x64.ActiveCfg = Debug|x64
		{A2536BC1-4DF9-470C-B53D-90B1CF766E73}.Debug|x64.Build.0 = Debug|x64
		{A2536BC1-4DF9-470C-B53D-90B1CF766E73}.Debug|x86.ActiveCfg = Debug|Win32
		{A2536BC1-4DF9-470C-B53D-90B1CF766E73}.Debug|x86.Build.0 = Debug|Win32
		{A2536BC1-4DF9-470C-B53D-90B1CF766E73}.Release|x64.ActiveCfg = Release|x64
		{A2536BC1-4DF9-470C-B53D-90B1CF766E73}.Release|x64.Build.0 = Release|x64
		{A2536BC1-4DF9-470C-B53D-90B1CF766E73}.Release|x86.ActiveCfg = Release|Win32
		{A2536BC1-4DF9-470C-B53D-90B1CF766E73}.Release|x86.Build.0 = Release|Win32
		{3470CC47-2489-4CFB-B1A7-5F575468FE4D}.Debug|x64.ActiveCfg = Debug|x64
		{3470CC47-2489-4CFB-B1A7-5F575468FE4D}.Debug|x64.Build.0 = Debug|x64
		{3470CC47-2489-4CFB-B1A7-5F575468FE4D}.Debug|x86.ActiveCfg = Debug|Win32
		{3470CC47-2489-4CFB-B1A7-5F575468FE4D}.Debug|x86.Build.0 = Debug|Win32
		{3470CC47-2489-4CFB-B1A7-5F575468FE4D}.Release|x64.ActiveCfg = Release|x64
		{3470CC47-2489-4CFB-B1A7-5F575468FE4D}.Release|x64.Build.0 = Release|x64
		{3470CC47-2489-4CFB-B1A7-5F575468FE4D}.Release|x86.ActiveCfg = Release|Win32
		{3470CC47-2489-4CFB-B1A7-5F575468FE4D}.Release|x86.Build.0 = Release|Win32
		{B2EFF7E6-88BF-4D3D-B565-07B4285DECB4}.Debug|x64.ActiveCfg = Debug|x64
		{B2EFF7E6-88BF-4D3D-B565-07B4285DECB4}.Debug|x64.Build.0 = Debug|x64
		{B2EFF7E6-88BF-4D3D-B565-07B4285DECB4}.Debug|x86.ActiveCfg = Debug|Win32
		{B2EFF7E6-88BF-4D3D-B565-07B4285DECB4}.Debug|x86.Build.0 = Debug|Win32
		{B2EFF7E6-88BF-4D3D-B565-07B4285DECB4}.Release|x64.ActiveCfg = Release|x64
		{B2EFF7E6-88BF-4D3D-B565-07B4285DECB4}.Release|x64.Build.0 = Release|x64
		{B2EFF7E6-88BF-4D3D-B565-07B4285DECB4}.Release|x86.ActiveCfg = Release|Win32
		{B2EFF7E6-88BF-4D3D-B565-07B4285DECB4}.Release|x86.Build.0 = Release|Win32
		{FDBC140E-3363-4B39-9373-8A32704CDE30}.Debug|x64.ActiveCfg = Debug|x64
		{FDBC140E-3363-4B39-9373-8A32704CDE30}.Debug|x64.Build.0 = Debug|x64
		{FDBC140E-3363-4B39-9373-8A32704CDE30}.Debug|x86.ActiveCfg = Debug|Win32
		{FDBC140E-3363-4B39-9373-8A32704CDE30}.Debug|x86.Build.0 = Debug|Win32
		{FDBC140E-3363-4B39-9373-8A32704CDE30}.Release|x64.ActiveCfg = Release|x64
		{FDBC140E-3363-4B39-9373-8A32704CDE30}.Release|x64.Build.0 = Release|x64
		{FDBC140E-3363-4B39-9373-8A32704CDE30}.Release|x86.ActiveCfg = Release|Win32
		{FDBC140E-3363-4B39-9373-8A32704CDE30}.Release|x86.Build.0 = Release|Win32
		{C1CEB466-E2FF-41B5-96C1-FA32DA6F956F}.Debug|x64.ActiveCfg = Debug|x64
		{C1CEB466-E2FF-41B5-96C1-FA32DA6F956F}.Debug|x64.Build.0 = Debug|x64
		{C1CEB466-E2FF-41B5-96C1-FA32DA6F956F}.Debug|x86.ActiveCfg = Debug|Win32
		{C1CEB466-E2FF-41B5-96C1-FA32DA6F956F}.Debug|x86.Build.0 = Debug|Win32
		{C1CEB466-E2FF-41B5-96C1-FA32DA6F956F}.Release|x64.ActiveCfg = Release|x64
		{C1CEB466-E2FF-41B5-96C1-FA32DA6F956F}.Release|x64.Build.0 = Release|x64
		{C1CEB466-E2FF-41B5-96C1-FA32DA6F956F}.Release|x86.ActiveCfg = Release|Win32
		{C1CEB466-E2FF-41B5-96C1-FA32DA6F956F}.Release|x86.Build.0 = Release|Win32
		{42008E77-FCF0-440B-A92B-654D85A43038}.Debug|x64.ActiveCfg = Debug|x64
		{42008E77-FCF0-440B-A92B-654D85A43038}.Debug|x64.Build.0 = Debug|x64
		{42008E77-FCF0-440B-A92B-654D85A43038}.Debug|x86.ActiveCfg = Debug|Win32
		{42008E77-FCF0-440B-A92B-654D85A43038}.Debug|x86.Build.0 = Debug|Win32
		{42008E77-FCF0-440B-A92B-654D85A43038}.Release|x64.ActiveCfg = Release|x64
		{42008E77-FCF0-440B-A92B-654D85A43038}.Release|x64.Build.0 = Release|x64
		{42008E77-FCF0-440B-A92B-654D85A43038}.Release|x86.ActiveCfg = Release|Win32
		{42008E77-FCF0-440B-A92B-654D85A43038}.Release|x86.Build.0 = Release|Win32
	EndGlobalSection
	GlobalSection(SolutionProperties) = preSolution
		HideSolutionNode = FALSE
	EndGlobalSection
	GlobalSection(ExtensibilityGlobals) = postSolution
		SolutionGuid = {E90B03FD-6447-4033-BD56-D1532980069B}
	EndGlobalSection
EndGlobal
