
Microsoft Visual Studio Solution File, Format Version 12.00
# Visual Studio Version 16
VisualStudioVersion = 16.0.29709.97
MinimumVisualStudioVersion = 10.0.40219.1
Project("{8BC9CEB8-8B4A-11D0-8D11-00A0C91BC942}") = "2748 - 피보나치 수 2", "2748 - 피보나치 수 2\2748 - 피보나치 수 2.vcxproj", "{3606E84D-D385-4D99-8E1F-F0BD918206F5}"
EndProject
Project("{8BC9CEB8-8B4A-11D0-8D11-00A0C91BC942}") = "2747 - 피보나치 수", "2747 - 피보나치 수\2747 - 피보나치 수.vcxproj", "{10370656-AA14-4C67-B5B2-27ADA9C5A313}"
EndProject
Project("{8BC9CEB8-8B4A-11D0-8D11-00A0C91BC942}") = "1463 - 1로 만들기", "1463 - 1로 만들기\1463 - 1로 만들기.vcxproj", "{868F674C-5CA7-4994-9433-A44D05B03C7A}"
EndProject
Project("{8BC9CEB8-8B4A-11D0-8D11-00A0C91BC942}") = "11726 - 2×n 타일링", "11726 - 2×n 타일링\11726 - 2×n 타일링.vcxproj", "{67CF4414-0688-490D-AA51-61C7F94AD3EB}"
EndProject
Project("{8BC9CEB8-8B4A-11D0-8D11-00A0C91BC942}") = "11727 - 2×n 타일링 2", "11727 - 2×n 타일링 2\11727 - 2×n 타일링 2.vcxproj", "{A5B79963-F98C-4751-BDC2-269889577CEF}"
EndProject
Project("{8BC9CEB8-8B4A-11D0-8D11-00A0C91BC942}") = "2133 - 타일 채우기", "2133 - 타일 채우기\2133 - 타일 채우기.vcxproj", "{B8C20CFA-4E37-46C1-91F8-110CC7CCC444}"
EndProject
Project("{8BC9CEB8-8B4A-11D0-8D11-00A0C91BC942}") = "2225 - 합분해", "2225 - 합분해\2225 - 합분해.vcxproj", "{D116AEDC-C914-4084-ACF5-50FBA939BAA1}"
EndProject
Project("{8BC9CEB8-8B4A-11D0-8D11-00A0C91BC942}") = "9095 - 1, 2, 3 더하기", "9095 - 1, 2, 3 더하기\9095 - 1, 2, 3 더하기.vcxproj", "{58B4855B-F22C-449F-B903-CB5FA2B034B6}"
EndProject
Project("{8BC9CEB8-8B4A-11D0-8D11-00A0C91BC942}") = "1699 - 제곱수의 합", "1699 - 제곱수의 합\1699 - 제곱수의 합.vcxproj", "{766FEF0B-7EE1-4151-814E-E373A46DA366}"
EndProject
Project("{8BC9CEB8-8B4A-11D0-8D11-00A0C91BC942}") = "9461 - 파도반 수열", "9461 - 파도반 수열\9461 - 파도반 수열.vcxproj", "{2DF12886-ABD0-46E7-ADB4-AEEBC074850F}"
EndProject
Project("{8BC9CEB8-8B4A-11D0-8D11-00A0C91BC942}") = "11654 - 아스키 코드", "11654 - 아스키 코드\11654 - 아스키 코드.vcxproj", "{51489032-2607-496F-9BC1-FFA1AF676809}"
EndProject
Project("{8BC9CEB8-8B4A-11D0-8D11-00A0C91BC942}") = "10808 - 알파벳 개수", "10808 - 알파벳 개수\10808 - 알파벳 개수.vcxproj", "{FAFD6639-0937-41CA-887D-423AE8514739}"
EndProject
Project("{8BC9CEB8-8B4A-11D0-8D11-00A0C91BC942}") = "11655 - ROT13", "11655 - ROT13\11655 - ROT13.vcxproj", "{03F96E37-98B5-477F-862E-06A99B43C61C}"
EndProject
Project("{8BC9CEB8-8B4A-11D0-8D11-00A0C91BC942}") = "2577 - 숫자의 개수", "2577 - 숫자의 개수\2577 - 숫자의 개수.vcxproj", "{4EADEE59-0464-45F9-AE15-99D70AF77426}"
EndProject
Project("{8BC9CEB8-8B4A-11D0-8D11-00A0C91BC942}") = "10824 - 네 수", "10824 - 네 수\10824 - 네 수.vcxproj", "{634CAC08-4FB1-46BA-A53A-FC07442B86B9}"
EndProject
Project("{8BC9CEB8-8B4A-11D0-8D11-00A0C91BC942}") = "11656 - 접미사 배열", "11656 - 접미사 배열\11656 - 접미사 배열.vcxproj", "{FB02D5CA-3AC4-4C49-A845-BE4753C13E08}"
EndProject
Project("{8BC9CEB8-8B4A-11D0-8D11-00A0C91BC942}") = "2675 - 문자열 반복", "2675 - 문자열 반복\2675 - 문자열 반복.vcxproj", "{3B7FD83C-8936-4988-BBB0-A8F609EF577B}"
EndProject
Project("{8BC9CEB8-8B4A-11D0-8D11-00A0C91BC942}") = "1152 - 단어의 개수", "1152 - 단어의 개수\1152 - 단어의 개수.vcxproj", "{7E5169D0-F732-407F-86A6-E2E5E60580F0}"
EndProject
Project("{8BC9CEB8-8B4A-11D0-8D11-00A0C91BC942}") = "2908 - 상수", "2908 - 상수\2908 - 상수.vcxproj", "{7D1668B3-2A3A-4AE2-B66F-FC28C404858D}"
EndProject
Project("{8BC9CEB8-8B4A-11D0-8D11-00A0C91BC942}") = "1157 - 단어 공부", "1157 - 단어 공부\1157 - 단어 공부.vcxproj", "{4E369F2B-F8F2-4BC8-A72D-422DA5382BBB}"
EndProject
Project("{8BC9CEB8-8B4A-11D0-8D11-00A0C91BC942}") = "10809 - 알파벳 찾기", "10809 - 알파벳 찾기\10809 - 알파벳 찾기.vcxproj", "{EBEAD237-F105-4232-A85C-4703E1752135}"
EndProject
Project("{8BC9CEB8-8B4A-11D0-8D11-00A0C91BC942}") = "10820 - 문자열 분석", "10820 - 문자열 분석\10820 - 문자열 분석.vcxproj", "{B5AA6220-61A5-4B1B-907E-13B2FD5B1411}"
EndProject
Project("{8BC9CEB8-8B4A-11D0-8D11-00A0C91BC942}") = "5622 - 다이얼", "5622 - 다이얼\5622 - 다이얼.vcxproj", "{6D45C2F4-1F0E-4BC0-87FD-E3D11BA992D9}"
EndProject
Project("{8BC9CEB8-8B4A-11D0-8D11-00A0C91BC942}") = "2743 - 단어 길이 재기", "2743 - 단어 길이 재기\2743 - 단어 길이 재기.vcxproj", "{CC7FD6E7-088F-4ED9-9B6E-9E46A97327B2}"
EndProject
Project("{8BC9CEB8-8B4A-11D0-8D11-00A0C91BC942}") = "2941 - 크로아티아 알파벳", "2941 - 크로아티아 알파벳\2941 - 크로아티아 알파벳.vcxproj", "{95118985-18B7-421D-81DD-A1F6683B2ACD}"
EndProject
Project("{8BC9CEB8-8B4A-11D0-8D11-00A0C91BC942}") = "1316 - 그룹 단어 체커", "1316 - 그룹 단어 체커\1316 - 그룹 단어 체커.vcxproj", "{572EBAD0-374D-438F-961E-07E5A7F7D3D6}"
EndProject
Global
	GlobalSection(SolutionConfigurationPlatforms) = preSolution
		Debug|x64 = Debug|x64
		Debug|x86 = Debug|x86
		Release|x64 = Release|x64
		Release|x86 = Release|x86
	EndGlobalSection
	GlobalSection(ProjectConfigurationPlatforms) = postSolution
		{3606E84D-D385-4D99-8E1F-F0BD918206F5}.Debug|x64.ActiveCfg = Debug|x64
		{3606E84D-D385-4D99-8E1F-F0BD918206F5}.Debug|x64.Build.0 = Debug|x64
		{3606E84D-D385-4D99-8E1F-F0BD918206F5}.Debug|x86.ActiveCfg = Debug|Win32
		{3606E84D-D385-4D99-8E1F-F0BD918206F5}.Debug|x86.Build.0 = Debug|Win32
		{3606E84D-D385-4D99-8E1F-F0BD918206F5}.Release|x64.ActiveCfg = Release|x64
		{3606E84D-D385-4D99-8E1F-F0BD918206F5}.Release|x64.Build.0 = Release|x64
		{3606E84D-D385-4D99-8E1F-F0BD918206F5}.Release|x86.ActiveCfg = Release|Win32
		{3606E84D-D385-4D99-8E1F-F0BD918206F5}.Release|x86.Build.0 = Release|Win32
		{10370656-AA14-4C67-B5B2-27ADA9C5A313}.Debug|x64.ActiveCfg = Debug|x64
		{10370656-AA14-4C67-B5B2-27ADA9C5A313}.Debug|x64.Build.0 = Debug|x64
		{10370656-AA14-4C67-B5B2-27ADA9C5A313}.Debug|x86.ActiveCfg = Debug|Win32
		{10370656-AA14-4C67-B5B2-27ADA9C5A313}.Debug|x86.Build.0 = Debug|Win32
		{10370656-AA14-4C67-B5B2-27ADA9C5A313}.Release|x64.ActiveCfg = Release|x64
		{10370656-AA14-4C67-B5B2-27ADA9C5A313}.Release|x64.Build.0 = Release|x64
		{10370656-AA14-4C67-B5B2-27ADA9C5A313}.Release|x86.ActiveCfg = Release|Win32
		{10370656-AA14-4C67-B5B2-27ADA9C5A313}.Release|x86.Build.0 = Release|Win32
		{868F674C-5CA7-4994-9433-A44D05B03C7A}.Debug|x64.ActiveCfg = Debug|x64
		{868F674C-5CA7-4994-9433-A44D05B03C7A}.Debug|x64.Build.0 = Debug|x64
		{868F674C-5CA7-4994-9433-A44D05B03C7A}.Debug|x86.ActiveCfg = Debug|Win32
		{868F674C-5CA7-4994-9433-A44D05B03C7A}.Debug|x86.Build.0 = Debug|Win32
		{868F674C-5CA7-4994-9433-A44D05B03C7A}.Release|x64.ActiveCfg = Release|x64
		{868F674C-5CA7-4994-9433-A44D05B03C7A}.Release|x64.Build.0 = Release|x64
		{868F674C-5CA7-4994-9433-A44D05B03C7A}.Release|x86.ActiveCfg = Release|Win32
		{868F674C-5CA7-4994-9433-A44D05B03C7A}.Release|x86.Build.0 = Release|Win32
		{67CF4414-0688-490D-AA51-61C7F94AD3EB}.Debug|x64.ActiveCfg = Debug|x64
		{67CF4414-0688-490D-AA51-61C7F94AD3EB}.Debug|x64.Build.0 = Debug|x64
		{67CF4414-0688-490D-AA51-61C7F94AD3EB}.Debug|x86.ActiveCfg = Debug|Win32
		{67CF4414-0688-490D-AA51-61C7F94AD3EB}.Debug|x86.Build.0 = Debug|Win32
		{67CF4414-0688-490D-AA51-61C7F94AD3EB}.Release|x64.ActiveCfg = Release|x64
		{67CF4414-0688-490D-AA51-61C7F94AD3EB}.Release|x64.Build.0 = Release|x64
		{67CF4414-0688-490D-AA51-61C7F94AD3EB}.Release|x86.ActiveCfg = Release|Win32
		{67CF4414-0688-490D-AA51-61C7F94AD3EB}.Release|x86.Build.0 = Release|Win32
		{A5B79963-F98C-4751-BDC2-269889577CEF}.Debug|x64.ActiveCfg = Debug|x64
		{A5B79963-F98C-4751-BDC2-269889577CEF}.Debug|x64.Build.0 = Debug|x64
		{A5B79963-F98C-4751-BDC2-269889577CEF}.Debug|x86.ActiveCfg = Debug|Win32
		{A5B79963-F98C-4751-BDC2-269889577CEF}.Debug|x86.Build.0 = Debug|Win32
		{A5B79963-F98C-4751-BDC2-269889577CEF}.Release|x64.ActiveCfg = Release|x64
		{A5B79963-F98C-4751-BDC2-269889577CEF}.Release|x64.Build.0 = Release|x64
		{A5B79963-F98C-4751-BDC2-269889577CEF}.Release|x86.ActiveCfg = Release|Win32
		{A5B79963-F98C-4751-BDC2-269889577CEF}.Release|x86.Build.0 = Release|Win32
		{B8C20CFA-4E37-46C1-91F8-110CC7CCC444}.Debug|x64.ActiveCfg = Debug|x64
		{B8C20CFA-4E37-46C1-91F8-110CC7CCC444}.Debug|x64.Build.0 = Debug|x64
		{B8C20CFA-4E37-46C1-91F8-110CC7CCC444}.Debug|x86.ActiveCfg = Debug|Win32
		{B8C20CFA-4E37-46C1-91F8-110CC7CCC444}.Debug|x86.Build.0 = Debug|Win32
		{B8C20CFA-4E37-46C1-91F8-110CC7CCC444}.Release|x64.ActiveCfg = Release|x64
		{B8C20CFA-4E37-46C1-91F8-110CC7CCC444}.Release|x64.Build.0 = Release|x64
		{B8C20CFA-4E37-46C1-91F8-110CC7CCC444}.Release|x86.ActiveCfg = Release|Win32
		{B8C20CFA-4E37-46C1-91F8-110CC7CCC444}.Release|x86.Build.0 = Release|Win32
		{D116AEDC-C914-4084-ACF5-50FBA939BAA1}.Debug|x64.ActiveCfg = Debug|x64
		{D116AEDC-C914-4084-ACF5-50FBA939BAA1}.Debug|x64.Build.0 = Debug|x64
		{D116AEDC-C914-4084-ACF5-50FBA939BAA1}.Debug|x86.ActiveCfg = Debug|Win32
		{D116AEDC-C914-4084-ACF5-50FBA939BAA1}.Debug|x86.Build.0 = Debug|Win32
		{D116AEDC-C914-4084-ACF5-50FBA939BAA1}.Release|x64.ActiveCfg = Release|x64
		{D116AEDC-C914-4084-ACF5-50FBA939BAA1}.Release|x64.Build.0 = Release|x64
		{D116AEDC-C914-4084-ACF5-50FBA939BAA1}.Release|x86.ActiveCfg = Release|Win32
		{D116AEDC-C914-4084-ACF5-50FBA939BAA1}.Release|x86.Build.0 = Release|Win32
		{58B4855B-F22C-449F-B903-CB5FA2B034B6}.Debug|x64.ActiveCfg = Debug|x64
		{58B4855B-F22C-449F-B903-CB5FA2B034B6}.Debug|x64.Build.0 = Debug|x64
		{58B4855B-F22C-449F-B903-CB5FA2B034B6}.Debug|x86.ActiveCfg = Debug|Win32
		{58B4855B-F22C-449F-B903-CB5FA2B034B6}.Debug|x86.Build.0 = Debug|Win32
		{58B4855B-F22C-449F-B903-CB5FA2B034B6}.Release|x64.ActiveCfg = Release|x64
		{58B4855B-F22C-449F-B903-CB5FA2B034B6}.Release|x64.Build.0 = Release|x64
		{58B4855B-F22C-449F-B903-CB5FA2B034B6}.Release|x86.ActiveCfg = Release|Win32
		{58B4855B-F22C-449F-B903-CB5FA2B034B6}.Release|x86.Build.0 = Release|Win32
		{766FEF0B-7EE1-4151-814E-E373A46DA366}.Debug|x64.ActiveCfg = Debug|x64
		{766FEF0B-7EE1-4151-814E-E373A46DA366}.Debug|x64.Build.0 = Debug|x64
		{766FEF0B-7EE1-4151-814E-E373A46DA366}.Debug|x86.ActiveCfg = Debug|Win32
		{766FEF0B-7EE1-4151-814E-E373A46DA366}.Debug|x86.Build.0 = Debug|Win32
		{766FEF0B-7EE1-4151-814E-E373A46DA366}.Release|x64.ActiveCfg = Release|x64
		{766FEF0B-7EE1-4151-814E-E373A46DA366}.Release|x64.Build.0 = Release|x64
		{766FEF0B-7EE1-4151-814E-E373A46DA366}.Release|x86.ActiveCfg = Release|Win32
		{766FEF0B-7EE1-4151-814E-E373A46DA366}.Release|x86.Build.0 = Release|Win32
		{2DF12886-ABD0-46E7-ADB4-AEEBC074850F}.Debug|x64.ActiveCfg = Debug|x64
		{2DF12886-ABD0-46E7-ADB4-AEEBC074850F}.Debug|x64.Build.0 = Debug|x64
		{2DF12886-ABD0-46E7-ADB4-AEEBC074850F}.Debug|x86.ActiveCfg = Debug|Win32
		{2DF12886-ABD0-46E7-ADB4-AEEBC074850F}.Debug|x86.Build.0 = Debug|Win32
		{2DF12886-ABD0-46E7-ADB4-AEEBC074850F}.Release|x64.ActiveCfg = Release|x64
		{2DF12886-ABD0-46E7-ADB4-AEEBC074850F}.Release|x64.Build.0 = Release|x64
		{2DF12886-ABD0-46E7-ADB4-AEEBC074850F}.Release|x86.ActiveCfg = Release|Win32
		{2DF12886-ABD0-46E7-ADB4-AEEBC074850F}.Release|x86.Build.0 = Release|Win32
		{51489032-2607-496F-9BC1-FFA1AF676809}.Debug|x64.ActiveCfg = Debug|x64
		{51489032-2607-496F-9BC1-FFA1AF676809}.Debug|x64.Build.0 = Debug|x64
		{51489032-2607-496F-9BC1-FFA1AF676809}.Debug|x86.ActiveCfg = Debug|Win32
		{51489032-2607-496F-9BC1-FFA1AF676809}.Debug|x86.Build.0 = Debug|Win32
		{51489032-2607-496F-9BC1-FFA1AF676809}.Release|x64.ActiveCfg = Release|x64
		{51489032-2607-496F-9BC1-FFA1AF676809}.Release|x64.Build.0 = Release|x64
		{51489032-2607-496F-9BC1-FFA1AF676809}.Release|x86.ActiveCfg = Release|Win32
		{51489032-2607-496F-9BC1-FFA1AF676809}.Release|x86.Build.0 = Release|Win32
		{FAFD6639-0937-41CA-887D-423AE8514739}.Debug|x64.ActiveCfg = Debug|x64
		{FAFD6639-0937-41CA-887D-423AE8514739}.Debug|x64.Build.0 = Debug|x64
		{FAFD6639-0937-41CA-887D-423AE8514739}.Debug|x86.ActiveCfg = Debug|Win32
		{FAFD6639-0937-41CA-887D-423AE8514739}.Debug|x86.Build.0 = Debug|Win32
		{FAFD6639-0937-41CA-887D-423AE8514739}.Release|x64.ActiveCfg = Release|x64
		{FAFD6639-0937-41CA-887D-423AE8514739}.Release|x64.Build.0 = Release|x64
		{FAFD6639-0937-41CA-887D-423AE8514739}.Release|x86.ActiveCfg = Release|Win32
		{FAFD6639-0937-41CA-887D-423AE8514739}.Release|x86.Build.0 = Release|Win32
		{03F96E37-98B5-477F-862E-06A99B43C61C}.Debug|x64.ActiveCfg = Debug|x64
		{03F96E37-98B5-477F-862E-06A99B43C61C}.Debug|x64.Build.0 = Debug|x64
		{03F96E37-98B5-477F-862E-06A99B43C61C}.Debug|x86.ActiveCfg = Debug|Win32
		{03F96E37-98B5-477F-862E-06A99B43C61C}.Debug|x86.Build.0 = Debug|Win32
		{03F96E37-98B5-477F-862E-06A99B43C61C}.Release|x64.ActiveCfg = Release|x64
		{03F96E37-98B5-477F-862E-06A99B43C61C}.Release|x64.Build.0 = Release|x64
		{03F96E37-98B5-477F-862E-06A99B43C61C}.Release|x86.ActiveCfg = Release|Win32
		{03F96E37-98B5-477F-862E-06A99B43C61C}.Release|x86.Build.0 = Release|Win32
		{4EADEE59-0464-45F9-AE15-99D70AF77426}.Debug|x64.ActiveCfg = Debug|x64
		{4EADEE59-0464-45F9-AE15-99D70AF77426}.Debug|x64.Build.0 = Debug|x64
		{4EADEE59-0464-45F9-AE15-99D70AF77426}.Debug|x86.ActiveCfg = Debug|Win32
		{4EADEE59-0464-45F9-AE15-99D70AF77426}.Debug|x86.Build.0 = Debug|Win32
		{4EADEE59-0464-45F9-AE15-99D70AF77426}.Release|x64.ActiveCfg = Release|x64
		{4EADEE59-0464-45F9-AE15-99D70AF77426}.Release|x64.Build.0 = Release|x64
		{4EADEE59-0464-45F9-AE15-99D70AF77426}.Release|x86.ActiveCfg = Release|Win32
		{4EADEE59-0464-45F9-AE15-99D70AF77426}.Release|x86.Build.0 = Release|Win32
		{634CAC08-4FB1-46BA-A53A-FC07442B86B9}.Debug|x64.ActiveCfg = Debug|x64
		{634CAC08-4FB1-46BA-A53A-FC07442B86B9}.Debug|x64.Build.0 = Debug|x64
		{634CAC08-4FB1-46BA-A53A-FC07442B86B9}.Debug|x86.ActiveCfg = Debug|Win32
		{634CAC08-4FB1-46BA-A53A-FC07442B86B9}.Debug|x86.Build.0 = Debug|Win32
		{634CAC08-4FB1-46BA-A53A-FC07442B86B9}.Release|x64.ActiveCfg = Release|x64
		{634CAC08-4FB1-46BA-A53A-FC07442B86B9}.Release|x64.Build.0 = Release|x64
		{634CAC08-4FB1-46BA-A53A-FC07442B86B9}.Release|x86.ActiveCfg = Release|Win32
		{634CAC08-4FB1-46BA-A53A-FC07442B86B9}.Release|x86.Build.0 = Release|Win32
		{FB02D5CA-3AC4-4C49-A845-BE4753C13E08}.Debug|x64.ActiveCfg = Debug|x64
		{FB02D5CA-3AC4-4C49-A845-BE4753C13E08}.Debug|x64.Build.0 = Debug|x64
		{FB02D5CA-3AC4-4C49-A845-BE4753C13E08}.Debug|x86.ActiveCfg = Debug|Win32
		{FB02D5CA-3AC4-4C49-A845-BE4753C13E08}.Debug|x86.Build.0 = Debug|Win32
		{FB02D5CA-3AC4-4C49-A845-BE4753C13E08}.Release|x64.ActiveCfg = Release|x64
		{FB02D5CA-3AC4-4C49-A845-BE4753C13E08}.Release|x64.Build.0 = Release|x64
		{FB02D5CA-3AC4-4C49-A845-BE4753C13E08}.Release|x86.ActiveCfg = Release|Win32
		{FB02D5CA-3AC4-4C49-A845-BE4753C13E08}.Release|x86.Build.0 = Release|Win32
		{3B7FD83C-8936-4988-BBB0-A8F609EF577B}.Debug|x64.ActiveCfg = Debug|x64
		{3B7FD83C-8936-4988-BBB0-A8F609EF577B}.Debug|x64.Build.0 = Debug|x64
		{3B7FD83C-8936-4988-BBB0-A8F609EF577B}.Debug|x86.ActiveCfg = Debug|Win32
		{3B7FD83C-8936-4988-BBB0-A8F609EF577B}.Debug|x86.Build.0 = Debug|Win32
		{3B7FD83C-8936-4988-BBB0-A8F609EF577B}.Release|x64.ActiveCfg = Release|x64
		{3B7FD83C-8936-4988-BBB0-A8F609EF577B}.Release|x64.Build.0 = Release|x64
		{3B7FD83C-8936-4988-BBB0-A8F609EF577B}.Release|x86.ActiveCfg = Release|Win32
		{3B7FD83C-8936-4988-BBB0-A8F609EF577B}.Release|x86.Build.0 = Release|Win32
		{7E5169D0-F732-407F-86A6-E2E5E60580F0}.Debug|x64.ActiveCfg = Debug|x64
		{7E5169D0-F732-407F-86A6-E2E5E60580F0}.Debug|x64.Build.0 = Debug|x64
		{7E5169D0-F732-407F-86A6-E2E5E60580F0}.Debug|x86.ActiveCfg = Debug|Win32
		{7E5169D0-F732-407F-86A6-E2E5E60580F0}.Debug|x86.Build.0 = Debug|Win32
		{7E5169D0-F732-407F-86A6-E2E5E60580F0}.Release|x64.ActiveCfg = Release|x64
		{7E5169D0-F732-407F-86A6-E2E5E60580F0}.Release|x64.Build.0 = Release|x64
		{7E5169D0-F732-407F-86A6-E2E5E60580F0}.Release|x86.ActiveCfg = Release|Win32
		{7E5169D0-F732-407F-86A6-E2E5E60580F0}.Release|x86.Build.0 = Release|Win32
		{7D1668B3-2A3A-4AE2-B66F-FC28C404858D}.Debug|x64.ActiveCfg = Debug|x64
		{7D1668B3-2A3A-4AE2-B66F-FC28C404858D}.Debug|x64.Build.0 = Debug|x64
		{7D1668B3-2A3A-4AE2-B66F-FC28C404858D}.Debug|x86.ActiveCfg = Debug|Win32
		{7D1668B3-2A3A-4AE2-B66F-FC28C404858D}.Debug|x86.Build.0 = Debug|Win32
		{7D1668B3-2A3A-4AE2-B66F-FC28C404858D}.Release|x64.ActiveCfg = Release|x64
		{7D1668B3-2A3A-4AE2-B66F-FC28C404858D}.Release|x64.Build.0 = Release|x64
		{7D1668B3-2A3A-4AE2-B66F-FC28C404858D}.Release|x86.ActiveCfg = Release|Win32
		{7D1668B3-2A3A-4AE2-B66F-FC28C404858D}.Release|x86.Build.0 = Release|Win32
		{4E369F2B-F8F2-4BC8-A72D-422DA5382BBB}.Debug|x64.ActiveCfg = Debug|x64
		{4E369F2B-F8F2-4BC8-A72D-422DA5382BBB}.Debug|x64.Build.0 = Debug|x64
		{4E369F2B-F8F2-4BC8-A72D-422DA5382BBB}.Debug|x86.ActiveCfg = Debug|Win32
		{4E369F2B-F8F2-4BC8-A72D-422DA5382BBB}.Debug|x86.Build.0 = Debug|Win32
		{4E369F2B-F8F2-4BC8-A72D-422DA5382BBB}.Release|x64.ActiveCfg = Release|x64
		{4E369F2B-F8F2-4BC8-A72D-422DA5382BBB}.Release|x64.Build.0 = Release|x64
		{4E369F2B-F8F2-4BC8-A72D-422DA5382BBB}.Release|x86.ActiveCfg = Release|Win32
		{4E369F2B-F8F2-4BC8-A72D-422DA5382BBB}.Release|x86.Build.0 = Release|Win32
		{EBEAD237-F105-4232-A85C-4703E1752135}.Debug|x64.ActiveCfg = Debug|x64
		{EBEAD237-F105-4232-A85C-4703E1752135}.Debug|x64.Build.0 = Debug|x64
		{EBEAD237-F105-4232-A85C-4703E1752135}.Debug|x86.ActiveCfg = Debug|Win32
		{EBEAD237-F105-4232-A85C-4703E1752135}.Debug|x86.Build.0 = Debug|Win32
		{EBEAD237-F105-4232-A85C-4703E1752135}.Release|x64.ActiveCfg = Release|x64
		{EBEAD237-F105-4232-A85C-4703E1752135}.Release|x64.Build.0 = Release|x64
		{EBEAD237-F105-4232-A85C-4703E1752135}.Release|x86.ActiveCfg = Release|Win32
		{EBEAD237-F105-4232-A85C-4703E1752135}.Release|x86.Build.0 = Release|Win32
		{B5AA6220-61A5-4B1B-907E-13B2FD5B1411}.Debug|x64.ActiveCfg = Debug|x64
		{B5AA6220-61A5-4B1B-907E-13B2FD5B1411}.Debug|x64.Build.0 = Debug|x64
		{B5AA6220-61A5-4B1B-907E-13B2FD5B1411}.Debug|x86.ActiveCfg = Debug|Win32
		{B5AA6220-61A5-4B1B-907E-13B2FD5B1411}.Debug|x86.Build.0 = Debug|Win32
		{B5AA6220-61A5-4B1B-907E-13B2FD5B1411}.Release|x64.ActiveCfg = Release|x64
		{B5AA6220-61A5-4B1B-907E-13B2FD5B1411}.Release|x64.Build.0 = Release|x64
		{B5AA6220-61A5-4B1B-907E-13B2FD5B1411}.Release|x86.ActiveCfg = Release|Win32
		{B5AA6220-61A5-4B1B-907E-13B2FD5B1411}.Release|x86.Build.0 = Release|Win32
		{6D45C2F4-1F0E-4BC0-87FD-E3D11BA992D9}.Debug|x64.ActiveCfg = Debug|x64
		{6D45C2F4-1F0E-4BC0-87FD-E3D11BA992D9}.Debug|x64.Build.0 = Debug|x64
		{6D45C2F4-1F0E-4BC0-87FD-E3D11BA992D9}.Debug|x86.ActiveCfg = Debug|Win32
		{6D45C2F4-1F0E-4BC0-87FD-E3D11BA992D9}.Debug|x86.Build.0 = Debug|Win32
		{6D45C2F4-1F0E-4BC0-87FD-E3D11BA992D9}.Release|x64.ActiveCfg = Release|x64
		{6D45C2F4-1F0E-4BC0-87FD-E3D11BA992D9}.Release|x64.Build.0 = Release|x64
		{6D45C2F4-1F0E-4BC0-87FD-E3D11BA992D9}.Release|x86.ActiveCfg = Release|Win32
		{6D45C2F4-1F0E-4BC0-87FD-E3D11BA992D9}.Release|x86.Build.0 = Release|Win32
		{CC7FD6E7-088F-4ED9-9B6E-9E46A97327B2}.Debug|x64.ActiveCfg = Debug|x64
		{CC7FD6E7-088F-4ED9-9B6E-9E46A97327B2}.Debug|x64.Build.0 = Debug|x64
		{CC7FD6E7-088F-4ED9-9B6E-9E46A97327B2}.Debug|x86.ActiveCfg = Debug|Win32
		{CC7FD6E7-088F-4ED9-9B6E-9E46A97327B2}.Debug|x86.Build.0 = Debug|Win32
		{CC7FD6E7-088F-4ED9-9B6E-9E46A97327B2}.Release|x64.ActiveCfg = Release|x64
		{CC7FD6E7-088F-4ED9-9B6E-9E46A97327B2}.Release|x64.Build.0 = Release|x64
		{CC7FD6E7-088F-4ED9-9B6E-9E46A97327B2}.Release|x86.ActiveCfg = Release|Win32
		{CC7FD6E7-088F-4ED9-9B6E-9E46A97327B2}.Release|x86.Build.0 = Release|Win32
		{95118985-18B7-421D-81DD-A1F6683B2ACD}.Debug|x64.ActiveCfg = Debug|x64
		{95118985-18B7-421D-81DD-A1F6683B2ACD}.Debug|x64.Build.0 = Debug|x64
		{95118985-18B7-421D-81DD-A1F6683B2ACD}.Debug|x86.ActiveCfg = Debug|Win32
		{95118985-18B7-421D-81DD-A1F6683B2ACD}.Debug|x86.Build.0 = Debug|Win32
		{95118985-18B7-421D-81DD-A1F6683B2ACD}.Release|x64.ActiveCfg = Release|x64
		{95118985-18B7-421D-81DD-A1F6683B2ACD}.Release|x64.Build.0 = Release|x64
		{95118985-18B7-421D-81DD-A1F6683B2ACD}.Release|x86.ActiveCfg = Release|Win32
		{95118985-18B7-421D-81DD-A1F6683B2ACD}.Release|x86.Build.0 = Release|Win32
		{572EBAD0-374D-438F-961E-07E5A7F7D3D6}.Debug|x64.ActiveCfg = Debug|x64
		{572EBAD0-374D-438F-961E-07E5A7F7D3D6}.Debug|x64.Build.0 = Debug|x64
		{572EBAD0-374D-438F-961E-07E5A7F7D3D6}.Debug|x86.ActiveCfg = Debug|Win32
		{572EBAD0-374D-438F-961E-07E5A7F7D3D6}.Debug|x86.Build.0 = Debug|Win32
		{572EBAD0-374D-438F-961E-07E5A7F7D3D6}.Release|x64.ActiveCfg = Release|x64
		{572EBAD0-374D-438F-961E-07E5A7F7D3D6}.Release|x64.Build.0 = Release|x64
		{572EBAD0-374D-438F-961E-07E5A7F7D3D6}.Release|x86.ActiveCfg = Release|Win32
		{572EBAD0-374D-438F-961E-07E5A7F7D3D6}.Release|x86.Build.0 = Release|Win32
	EndGlobalSection
	GlobalSection(SolutionProperties) = preSolution
		HideSolutionNode = FALSE
	EndGlobalSection
	GlobalSection(ExtensibilityGlobals) = postSolution
		SolutionGuid = {E0EAB617-38E3-4BC6-9C84-3B9C06901F29}
	EndGlobalSection
EndGlobal
